
Microsoft Visual Studio Solution File, Format Version 12.00
# Visual Studio 15
VisualStudioVersion = 15.0.28307.136
MinimumVisualStudioVersion = 10.0.40219.1
Project("{9A19103F-16F7-4668-BE54-9A1E7A4F7556}") = "TodoListTest", "TodoListTest\TodoListTest.csproj", "{79E31417-11C0-4C32-A908-D068D039B7B5}"
EndProject
Project("{9A19103F-16F7-4668-BE54-9A1E7A4F7556}") = "TodoList", "TodoList\TodoList.csproj", "{E44BB883-2659-4C75-817B-3DDFD19EE1CB}"
EndProject
Project("{9A19103F-16F7-4668-BE54-9A1E7A4F7556}") = "TodoListWebApi", "TodoListWebApi\TodoListWebApi.csproj", "{695A0B43-5E74-4D8A-ADFC-1F477B5E9FDE}"
EndProject
Project("{FAE04EC0-301F-11D3-BF4B-00C04F79EFBC}") = "SoapService", "SoapService\SoapService.csproj", "{5D45D72C-DE37-4DED-B407-79642C1DA82F}"
EndProject
Project("{FAE04EC0-301F-11D3-BF4B-00C04F79EFBC}") = "ServiceTests", "ServiceTests\ServiceTests.csproj", "{A278BAC5-291F-4781-A9EC-0D7D1923C517}"
EndProject
Global
	GlobalSection(SolutionConfigurationPlatforms) = preSolution
		Debug|Any CPU = Debug|Any CPU
		Release|Any CPU = Release|Any CPU
	EndGlobalSection
	GlobalSection(ProjectConfigurationPlatforms) = postSolution
		{79E31417-11C0-4C32-A908-D068D039B7B5}.Debug|Any CPU.ActiveCfg = Debug|Any CPU
		{79E31417-11C0-4C32-A908-D068D039B7B5}.Debug|Any CPU.Build.0 = Debug|Any CPU
		{79E31417-11C0-4C32-A908-D068D039B7B5}.Release|Any CPU.ActiveCfg = Release|Any CPU
		{79E31417-11C0-4C32-A908-D068D039B7B5}.Release|Any CPU.Build.0 = Release|Any CPU
		{E44BB883-2659-4C75-817B-3DDFD19EE1CB}.Debug|Any CPU.ActiveCfg = Debug|Any CPU
		{E44BB883-2659-4C75-817B-3DDFD19EE1CB}.Debug|Any CPU.Build.0 = Debug|Any CPU
		{E44BB883-2659-4C75-817B-3DDFD19EE1CB}.Release|Any CPU.ActiveCfg = Release|Any CPU
		{E44BB883-2659-4C75-817B-3DDFD19EE1CB}.Release|Any CPU.Build.0 = Release|Any CPU
		{695A0B43-5E74-4D8A-ADFC-1F477B5E9FDE}.Debug|Any CPU.ActiveCfg = Debug|Any CPU
		{695A0B43-5E74-4D8A-ADFC-1F477B5E9FDE}.Debug|Any CPU.Build.0 = Debug|Any CPU
		{695A0B43-5E74-4D8A-ADFC-1F477B5E9FDE}.Release|Any CPU.ActiveCfg = Release|Any CPU
		{695A0B43-5E74-4D8A-ADFC-1F477B5E9FDE}.Release|Any CPU.Build.0 = Release|Any CPU
		{5D45D72C-DE37-4DED-B407-79642C1DA82F}.Debug|Any CPU.ActiveCfg = Debug|Any CPU
		{5D45D72C-DE37-4DED-B407-79642C1DA82F}.Debug|Any CPU.Build.0 = Debug|Any CPU
		{5D45D72C-DE37-4DED-B407-79642C1DA82F}.Release|Any CPU.ActiveCfg = Release|Any CPU
		{5D45D72C-DE37-4DED-B407-79642C1DA82F}.Release|Any CPU.Build.0 = Release|Any CPU
		{A278BAC5-291F-4781-A9EC-0D7D1923C517}.Debug|Any CPU.ActiveCfg = Debug|Any CPU
		{A278BAC5-291F-4781-A9EC-0D7D1923C517}.Debug|Any CPU.Build.0 = Debug|Any CPU
		{A278BAC5-291F-4781-A9EC-0D7D1923C517}.Release|Any CPU.ActiveCfg = Release|Any CPU
		{A278BAC5-291F-4781-A9EC-0D7D1923C517}.Release|Any CPU.Build.0 = Release|Any CPU
	EndGlobalSection
	GlobalSection(SolutionProperties) = preSolution
		HideSolutionNode = FALSE
	EndGlobalSection
	GlobalSection(ExtensibilityGlobals) = postSolution
		SolutionGuid = {3CC34C11-0B35-4427-9B29-52DFC369291E}
	EndGlobalSection
EndGlobal
